
Microsoft Visual Studio Solution File, Format Version 12.00
# Visual Studio Version 17
VisualStudioVersion = 17.13.35818.85
MinimumVisualStudioVersion = 10.0.40219.1
Project("{FAE04EC0-301F-11D3-BF4B-00C04F79EFBC}") = "FreeEducationTemplate.API", "FreeEducationTemplate.API.csproj", "{FC997B93-6B06-45C7-A985-02487F9C1693}"
EndProject
Project("{2150E333-8FDC-42A3-9474-1A3956D46DE8}") = "src", "src", "{02EA681E-C7D8-13C7-8484-4AC65E1B71E8}"
EndProject
Project("{FAE04EC0-301F-11D3-BF4B-00C04F79EFBC}") = "FreeEducationTemplate.Application", "..\FreeEducationTemplate.Application\FreeEducationTemplate.Application.csproj", "{18909072-8DC9-4CA3-938F-B7DE54963A47}"
EndProject
Project("{FAE04EC0-301F-11D3-BF4B-00C04F79EFBC}") = "FreeEducationTemplate.Domain", "..\FreeEducationTemplate.Domain\FreeEducationTemplate.Domain.csproj", "{2BA27125-0806-461D-8BF3-282C674014CC}"
EndProject
Project("{FAE04EC0-301F-11D3-BF4B-00C04F79EFBC}") = "FreeEducationTemplate.DataAccess", "..\FreeEducationTemplate.DataAccess\FreeEducationTemplate.DataAccess.csproj", "{8EE56469-F3F8-4763-8D94-BD7335ECC829}"
EndProject
Global
	GlobalSection(SolutionConfigurationPlatforms) = preSolution
		Debug|Any CPU = Debug|Any CPU
		Release|Any CPU = Release|Any CPU
	EndGlobalSection
	GlobalSection(ProjectConfigurationPlatforms) = postSolution
		{FC997B93-6B06-45C7-A985-02487F9C1693}.Debug|Any CPU.ActiveCfg = Debug|Any CPU
		{FC997B93-6B06-45C7-A985-02487F9C1693}.Debug|Any CPU.Build.0 = Debug|Any CPU
		{FC997B93-6B06-45C7-A985-02487F9C1693}.Release|Any CPU.ActiveCfg = Release|Any CPU
		{FC997B93-6B06-45C7-A985-02487F9C1693}.Release|Any CPU.Build.0 = Release|Any CPU
		{18909072-8DC9-4CA3-938F-B7DE54963A47}.Debug|Any CPU.ActiveCfg = Debug|Any CPU
		{18909072-8DC9-4CA3-938F-B7DE54963A47}.Debug|Any CPU.Build.0 = Debug|Any CPU
		{18909072-8DC9-4CA3-938F-B7DE54963A47}.Release|Any CPU.ActiveCfg = Release|Any CPU
		{18909072-8DC9-4CA3-938F-B7DE54963A47}.Release|Any CPU.Build.0 = Release|Any CPU
		{2BA27125-0806-461D-8BF3-282C674014CC}.Debug|Any CPU.ActiveCfg = Debug|Any CPU
		{2BA27125-0806-461D-8BF3-282C674014CC}.Debug|Any CPU.Build.0 = Debug|Any CPU
		{2BA27125-0806-461D-8BF3-282C674014CC}.Release|Any CPU.ActiveCfg = Release|Any CPU
		{2BA27125-0806-461D-8BF3-282C674014CC}.Release|Any CPU.Build.0 = Release|Any CPU
		{8EE56469-F3F8-4763-8D94-BD7335ECC829}.Debug|Any CPU.ActiveCfg = Debug|Any CPU
		{8EE56469-F3F8-4763-8D94-BD7335ECC829}.Debug|Any CPU.Build.0 = Debug|Any CPU
		{8EE56469-F3F8-4763-8D94-BD7335ECC829}.Release|Any CPU.ActiveCfg = Release|Any CPU
		{8EE56469-F3F8-4763-8D94-BD7335ECC829}.Release|Any CPU.Build.0 = Release|Any CPU
	EndGlobalSection
	GlobalSection(SolutionProperties) = preSolution
		HideSolutionNode = FALSE
	EndGlobalSection
	GlobalSection(NestedProjects) = preSolution
		{FC997B93-6B06-45C7-A985-02487F9C1693} = {02EA681E-C7D8-13C7-8484-4AC65E1B71E8}
		{18909072-8DC9-4CA3-938F-B7DE54963A47} = {02EA681E-C7D8-13C7-8484-4AC65E1B71E8}
		{2BA27125-0806-461D-8BF3-282C674014CC} = {02EA681E-C7D8-13C7-8484-4AC65E1B71E8}
		{8EE56469-F3F8-4763-8D94-BD7335ECC829} = {02EA681E-C7D8-13C7-8484-4AC65E1B71E8}
	EndGlobalSection
	GlobalSection(ExtensibilityGlobals) = postSolution
		SolutionGuid = {7DBC019A-7DA3-490F-8133-62BF4FFF349F}
	EndGlobalSection
EndGlobal
